
Microsoft Visual Studio Solution File, Format Version 12.00
# Visual Studio Version 17
VisualStudioVersion = 17.3.32929.385
MinimumVisualStudioVersion = 10.0.40219.1
Project("{FAE04EC0-301F-11D3-BF4B-00C04F79EFBC}") = "ClassEx", "ClassEx\ClassEx.csproj", "{CFC24E92-CB8D-45CE-9E42-D337F5E50E10}"
EndProject
Global
	GlobalSection(SolutionConfigurationPlatforms) = preSolution
		Debug|Any CPU = Debug|Any CPU
		Release|Any CPU = Release|Any CPU
	EndGlobalSection
	GlobalSection(ProjectConfigurationPlatforms) = postSolution
		{CFC24E92-CB8D-45CE-9E42-D337F5E50E10}.Debug|Any CPU.ActiveCfg = Debug|Any CPU
		{CFC24E92-CB8D-45CE-9E42-D337F5E50E10}.Debug|Any CPU.Build.0 = Debug|Any CPU
		{CFC24E92-CB8D-45CE-9E42-D337F5E50E10}.Release|Any CPU.ActiveCfg = Release|Any CPU
		{CFC24E92-CB8D-45CE-9E42-D337F5E50E10}.Release|Any CPU.Build.0 = Release|Any CPU
	EndGlobalSection
	GlobalSection(SolutionProperties) = preSolution
		HideSolutionNode = FALSE
	EndGlobalSection
	GlobalSection(ExtensibilityGlobals) = postSolution
		SolutionGuid = {627A3132-A7AC-472A-869D-AD01B4CF7A80}
	EndGlobalSection
EndGlobal
